// !$*UTF8*$!
{
	archiveVersion = 1;
	classes = {
	};
	objectVersion = 46;
	objects = {

/* Begin PBXBuildFile section */
		8B1EFE371E917138008FBC08 /* AppDelegate.swift in Sources */ = {isa = PBXBuildFile; fileRef = 8B1EFE361E917138008FBC08 /* AppDelegate.swift */; };
		8B1EFE391E917138008FBC08 /* MoladViewController.swift in Sources */ = {isa = PBXBuildFile; fileRef = 8B1EFE381E917138008FBC08 /* MoladViewController.swift */; };
		8B1EFE3C1E917138008FBC08 /* Main.storyboard in Resources */ = {isa = PBXBuildFile; fileRef = 8B1EFE3A1E917138008FBC08 /* Main.storyboard */; };
		8B1EFE3E1E917138008FBC08 /* Assets.xcassets in Resources */ = {isa = PBXBuildFile; fileRef = 8B1EFE3D1E917138008FBC08 /* Assets.xcassets */; };
		8B1EFE411E917138008FBC08 /* LaunchScreen.storyboard in Resources */ = {isa = PBXBuildFile; fileRef = 8B1EFE3F1E917138008FBC08 /* LaunchScreen.storyboard */; };
		8B1EFE4A1E9171C8008FBC08 /* ClockView.swift in Sources */ = {isa = PBXBuildFile; fileRef = 8B1EFE491E9171C8008FBC08 /* ClockView.swift */; };
		8B90FBCB1E9B63DB0065BF3E /* Year.swift in Sources */ = {isa = PBXBuildFile; fileRef = 8B90FBCA1E9B63DB0065BF3E /* Year.swift */; };
		8BAF64EE1E9A5FE500B98A80 /* UIControlEventsExtension.swift in Sources */ = {isa = PBXBuildFile; fileRef = 8BAF64ED1E9A5FE500B98A80 /* UIControlEventsExtension.swift */; };
		8BAF64F11E9A6ED800B98A80 /* Molad.swift in Sources */ = {isa = PBXBuildFile; fileRef = 8BAF64F01E9A6ED800B98A80 /* Molad.swift */; };
/* End PBXBuildFile section */

/* Begin PBXFileReference section */
		8B1EFE331E917138008FBC08 /* Molad.app */ = {isa = PBXFileReference; explicitFileType = wrapper.application; includeInIndex = 0; path = Molad.app; sourceTree = BUILT_PRODUCTS_DIR; };
		8B1EFE361E917138008FBC08 /* AppDelegate.swift */ = {isa = PBXFileReference; lastKnownFileType = sourcecode.swift; path = AppDelegate.swift; sourceTree = "<group>"; };
		8B1EFE381E917138008FBC08 /* MoladViewController.swift */ = {isa = PBXFileReference; lastKnownFileType = sourcecode.swift; path = MoladViewController.swift; sourceTree = "<group>"; };
		8B1EFE3B1E917138008FBC08 /* Base */ = {isa = PBXFileReference; lastKnownFileType = file.storyboard; name = Base; path = Base.lproj/Main.storyboard; sourceTree = "<group>"; };
		8B1EFE3D1E917138008FBC08 /* Assets.xcassets */ = {isa = PBXFileReference; lastKnownFileType = folder.assetcatalog; path = Assets.xcassets; sourceTree = "<group>"; };
		8B1EFE401E917138008FBC08 /* Base */ = {isa = PBXFileReference; lastKnownFileType = file.storyboard; name = Base; path = Base.lproj/LaunchScreen.storyboard; sourceTree = "<group>"; };
		8B1EFE421E917138008FBC08 /* Info.plist */ = {isa = PBXFileReference; lastKnownFileType = text.plist.xml; path = Info.plist; sourceTree = "<group>"; };
		8B1EFE491E9171C8008FBC08 /* ClockView.swift */ = {isa = PBXFileReference; fileEncoding = 4; lastKnownFileType = sourcecode.swift; name = ClockView.swift; path = Views/ClockView.swift; sourceTree = "<group>"; };
		8B90FBCA1E9B63DB0065BF3E /* Year.swift */ = {isa = PBXFileReference; fileEncoding = 4; lastKnownFileType = sourcecode.swift; name = Year.swift; path = Models/Year.swift; sourceTree = "<group>"; };
		8BAF64ED1E9A5FE500B98A80 /* UIControlEventsExtension.swift */ = {isa = PBXFileReference; fileEncoding = 4; lastKnownFileType = sourcecode.swift; name = UIControlEventsExtension.swift; path = Utils/UIControlEventsExtension.swift; sourceTree = "<group>"; };
		8BAF64F01E9A6ED800B98A80 /* Molad.swift */ = {isa = PBXFileReference; fileEncoding = 4; lastKnownFileType = sourcecode.swift; name = Molad.swift; path = Models/Molad.swift; sourceTree = "<group>"; };
/* End PBXFileReference section */

/* Begin PBXFrameworksBuildPhase section */
		8B1EFE301E917138008FBC08 /* Frameworks */ = {
			isa = PBXFrameworksBuildPhase;
			buildActionMask = 2147483647;
			files = (
			);
			runOnlyForDeploymentPostprocessing = 0;
		};
/* End PBXFrameworksBuildPhase section */

/* Begin PBXGroup section */
		8B1EFE2A1E917138008FBC08 = {
			isa = PBXGroup;
			children = (
				8B1EFE351E917138008FBC08 /* Molad */,
				8B1EFE341E917138008FBC08 /* Products */,
			);
			sourceTree = "<group>";
		};
		8B1EFE341E917138008FBC08 /* Products */ = {
			isa = PBXGroup;
			children = (
				8B1EFE331E917138008FBC08 /* Molad.app */,
			);
			name = Products;
			sourceTree = "<group>";
		};
		8B1EFE351E917138008FBC08 /* Molad */ = {
			isa = PBXGroup;
			children = (
				8B1EFE361E917138008FBC08 /* AppDelegate.swift */,
				8B1EFE381E917138008FBC08 /* MoladViewController.swift */,
				8B1EFE3A1E917138008FBC08 /* Main.storyboard */,
				8B1EFE481E9171B6008FBC08 /* Views */,
				8BAF64EF1E9A6EC900B98A80 /* Models */,
				8BAF64EC1E9A5FAF00B98A80 /* Utils */,
				8B1EFE3D1E917138008FBC08 /* Assets.xcassets */,
				8B1EFE3F1E917138008FBC08 /* LaunchScreen.storyboard */,
				8B1EFE421E917138008FBC08 /* Info.plist */,
			);
			path = Molad;
			sourceTree = "<group>";
		};
		8B1EFE481E9171B6008FBC08 /* Views */ = {
			isa = PBXGroup;
			children = (
				8B1EFE491E9171C8008FBC08 /* ClockView.swift */,
			);
			name = Views;
			sourceTree = "<group>";
		};
		8BAF64EC1E9A5FAF00B98A80 /* Utils */ = {
			isa = PBXGroup;
			children = (
				8BAF64ED1E9A5FE500B98A80 /* UIControlEventsExtension.swift */,
			);
			name = Utils;
			sourceTree = "<group>";
		};
		8BAF64EF1E9A6EC900B98A80 /* Models */ = {
			isa = PBXGroup;
			children = (
				8BAF64F01E9A6ED800B98A80 /* Molad.swift */,
				8B90FBCA1E9B63DB0065BF3E /* Year.swift */,
			);
			name = Models;
			sourceTree = "<group>";
		};
/* End PBXGroup section */

/* Begin PBXNativeTarget section */
		8B1EFE321E917138008FBC08 /* Molad */ = {
			isa = PBXNativeTarget;
			buildConfigurationList = 8B1EFE451E917138008FBC08 /* Build configuration list for PBXNativeTarget "Molad" */;
			buildPhases = (
				8B1EFE2F1E917138008FBC08 /* Sources */,
				8B1EFE301E917138008FBC08 /* Frameworks */,
				8B1EFE311E917138008FBC08 /* Resources */,
			);
			buildRules = (
			);
			dependencies = (
			);
			name = Molad;
			productName = Molad;
			productReference = 8B1EFE331E917138008FBC08 /* Molad.app */;
			productType = "com.apple.product-type.application";
		};
/* End PBXNativeTarget section */

/* Begin PBXProject section */
		8B1EFE2B1E917138008FBC08 /* Project object */ = {
			isa = PBXProject;
			attributes = {
				LastSwiftUpdateCheck = 0820;
				LastUpgradeCheck = 0820;
				ORGANIZATIONNAME = HaskelAsh;
				TargetAttributes = {
					8B1EFE321E917138008FBC08 = {
						CreatedOnToolsVersion = 8.2.1;
						DevelopmentTeam = JG9Y668V6R;
						ProvisioningStyle = Automatic;
					};
				};
			};
			buildConfigurationList = 8B1EFE2E1E917138008FBC08 /* Build configuration list for PBXProject "Molad" */;
			compatibilityVersion = "Xcode 3.2";
			developmentRegion = English;
			hasScannedForEncodings = 0;
			knownRegions = (
				en,
				Base,
			);
			mainGroup = 8B1EFE2A1E917138008FBC08;
			productRefGroup = 8B1EFE341E917138008FBC08 /* Products */;
			projectDirPath = "";
			projectRoot = "";
			targets = (
				8B1EFE321E917138008FBC08 /* Molad */,
			);
		};
/* End PBXProject section */

/* Begin PBXResourcesBuildPhase section */
		8B1EFE311E917138008FBC08 /* Resources */ = {
			isa = PBXResourcesBuildPhase;
			buildActionMask = 2147483647;
			files = (
				8B1EFE411E917138008FBC08 /* LaunchScreen.storyboard in Resources */,
				8B1EFE3E1E917138008FBC08 /* Assets.xcassets in Resources */,
				8B1EFE3C1E917138008FBC08 /* Main.storyboard in Resources */,
			);
			runOnlyForDeploymentPostprocessing = 0;
		};
/* End PBXResourcesBuildPhase section */

/* Begin PBXSourcesBuildPhase section */
		8B1EFE2F1E917138008FBC08 /* Sources */ = {
			isa = PBXSourcesBuildPhase;
			buildActionMask = 2147483647;
			files = (
				8B1EFE391E917138008FBC08 /* MoladViewController.swift in Sources */,
				8BAF64F11E9A6ED800B98A80 /* Molad.swift in Sources */,
				8B1EFE4A1E9171C8008FBC08 /* ClockView.swift in Sources */,
				8BAF64EE1E9A5FE500B98A80 /* UIControlEventsExtension.swift in Sources */,
				8B90FBCB1E9B63DB0065BF3E /* Year.swift in Sources */,
				8B1EFE371E917138008FBC08 /* AppDelegate.swift in Sources */,
			);
			runOnlyForDeploymentPostprocessing = 0;
		};
/* End PBXSourcesBuildPhase section */

/* Begin PBXVariantGroup section */
		8B1EFE3A1E917138008FBC08 /* Main.storyboard */ = {
			isa = PBXVariantGroup;
			children = (
				8B1EFE3B1E917138008FBC08 /* Base */,
			);
			name = Main.storyboard;
			sourceTree = "<group>";
		};
		8B1EFE3F1E917138008FBC08 /* LaunchScreen.storyboard */ = {
			isa = PBXVariantGroup;
			children = (
				8B1EFE401E917138008FBC08 /* Base */,
			);
			name = LaunchScreen.storyboard;
			sourceTree = "<group>";
		};
/* End PBXVariantGroup section */

/* Begin XCBuildConfiguration section */
		8B1EFE431E917138008FBC08 /* Debug */ = {
			isa = XCBuildConfiguration;
			buildSettings = {
				ALWAYS_SEARCH_USER_PATHS = NO;
				CLANG_ANALYZER_NONNULL = YES;
				CLANG_CXX_LANGUAGE_STANDARD = "gnu++0x";
				CLANG_CXX_LIBRARY = "libc++";
				CLANG_ENABLE_MODULES = YES;
				CLANG_ENABLE_OBJC_ARC = YES;
				CLANG_WARN_BOOL_CONVERSION = YES;
				CLANG_WARN_CONSTANT_CONVERSION = YES;
				CLANG_WARN_DIRECT_OBJC_ISA_USAGE = YES_ERROR;
				CLANG_WARN_DOCUMENTATION_COMMENTS = YES;
				CLANG_WARN_EMPTY_BODY = YES;
				CLANG_WARN_ENUM_CONVERSION = YES;
				CLANG_WARN_INFINITE_RECURSION = YES;
				CLANG_WARN_INT_CONVERSION = YES;
				CLANG_WARN_OBJC_ROOT_CLASS = YES_ERROR;
				CLANG_WARN_SUSPICIOUS_MOVE = YES;
				CLANG_WARN_UNREACHABLE_CODE = YES;
				CLANG_WARN__DUPLICATE_METHOD_MATCH = YES;
				"CODE_SIGN_IDENTITY[sdk=iphoneos*]" = "iPhone Developer";
				COPY_PHASE_STRIP = NO;
				DEBUG_INFORMATION_FORMAT = dwarf;
				ENABLE_STRICT_OBJC_MSGSEND = YES;
				ENABLE_TESTABILITY = YES;
				GCC_C_LANGUAGE_STANDARD = gnu99;
				GCC_DYNAMIC_NO_PIC = NO;
				GCC_NO_COMMON_BLOCKS = YES;
				GCC_OPTIMIZATION_LEVEL = 0;
				GCC_PREPROCESSOR_DEFINITIONS = (
					"DEBUG=1",
					"$(inherited)",
				);
				GCC_WARN_64_TO_32_BIT_CONVERSION = YES;
				GCC_WARN_ABOUT_RETURN_TYPE = YES_ERROR;
				GCC_WARN_UNDECLARED_SELECTOR = YES;
				GCC_WARN_UNINITIALIZED_AUTOS = YES_AGGRESSIVE;
				GCC_WARN_UNUSED_FUNCTION = YES;
				GCC_WARN_UNUSED_VARIABLE = YES;
				IPHONEOS_DEPLOYMENT_TARGET = 10.2;
				MTL_ENABLE_DEBUG_INFO = YES;
				ONLY_ACTIVE_ARCH = YES;
				SDKROOT = iphoneos;
				SWIFT_ACTIVE_COMPILATION_CONDITIONS = DEBUG;
				SWIFT_OPTIMIZATION_LEVEL = "-Onone";
				TARGETED_DEVICE_FAMILY = "1,2";
			};
			name = Debug;
		};
		8B1EFE441E917138008FBC08 /* Release */ = {
			isa = XCBuildConfiguration;
			buildSettings = {
				ALWAYS_SEARCH_USER_PATHS = NO;
				CLANG_ANALYZER_NONNULL = YES;
				CLANG_CXX_LANGUAGE_STANDARD = "gnu++0x";
				CLANG_CXX_LIBRARY = "libc++";
				CLANG_ENABLE_MODULES = YES;
				CLANG_ENABLE_OBJC_ARC = YES;
				CLANG_WARN_BOOL_CONVERSION = YES;
				CLANG_WARN_CONSTANT_CONVERSION = YES;
				CLANG_WARN_DIRECT_OBJC_ISA_USAGE = YES_ERROR;
				CLANG_WARN_DOCUMENTATION_COMMENTS = YES;
				CLANG_WARN_EMPTY_BODY = YES;
				CLANG_WARN_ENUM_CONVERSION = YES;
				CLANG_WARN_INFINITE_RECURSION = YES;
				CLANG_WARN_INT_CONVERSION = YES;
				CLANG_WARN_OBJC_ROOT_CLASS = YES_ERROR;
				CLANG_WARN_SUSPICIOUS_MOVE = YES;
				CLANG_WARN_UNREACHABLE_CODE = YES;
				CLANG_WARN__DUPLICATE_METHOD_MATCH = YES;
				"CODE_SIGN_IDENTITY[sdk=iphoneos*]" = "iPhone Developer";
				COPY_PHASE_STRIP = NO;
				DEBUG_INFORMATION_FORMAT = "dwarf-with-dsym";
				ENABLE_NS_ASSERTIONS = NO;
				ENABLE_STRICT_OBJC_MSGSEND = YES;
				GCC_C_LANGUAGE_STANDARD = gnu99;
				GCC_NO_COMMON_BLOCKS = YES;
				GCC_WARN_64_TO_32_BIT_CONVERSION = YES;
				GCC_WARN_ABOUT_RETURN_TYPE = YES_ERROR;
				GCC_WARN_UNDECLARED_SELECTOR = YES;
				GCC_WARN_UNINITIALIZED_AUTOS = YES_AGGRESSIVE;
				GCC_WARN_UNUSED_FUNCTION = YES;
				GCC_WARN_UNUSED_VARIABLE = YES;
				IPHONEOS_DEPLOYMENT_TARGET = 10.2;
				MTL_ENABLE_DEBUG_INFO = NO;
				SDKROOT = iphoneos;
				SWIFT_OPTIMIZATION_LEVEL = "-Owholemodule";
				TARGETED_DEVICE_FAMILY = "1,2";
				VALIDATE_PRODUCT = YES;
			};
			name = Release;
		};
		8B1EFE461E917138008FBC08 /* Debug */ = {
			isa = XCBuildConfiguration;
			buildSettings = {
				ASSETCATALOG_COMPILER_APPICON_NAME = AppIcon;
				DEVELOPMENT_TEAM = JG9Y668V6R;
				INFOPLIST_FILE = Molad/Info.plist;
				LD_RUNPATH_SEARCH_PATHS = "$(inherited) @executable_path/Frameworks";
				PRODUCT_BUNDLE_IDENTIFIER = com.HaskelAsh.Molad;
				PRODUCT_NAME = "$(TARGET_NAME)";
				SWIFT_VERSION = 3.0;
			};
			name = Debug;
		};
		8B1EFE471E917138008FBC08 /* Release */ = {
			isa = XCBuildConfiguration;
			buildSettings = {
				ASSETCATALOG_COMPILER_APPICON_NAME = AppIcon;
				DEVELOPMENT_TEAM = JG9Y668V6R;
				INFOPLIST_FILE = Molad/Info.plist;
				LD_RUNPATH_SEARCH_PATHS = "$(inherited) @executable_path/Frameworks";
				PRODUCT_BUNDLE_IDENTIFIER = com.HaskelAsh.Molad;
				PRODUCT_NAME = "$(TARGET_NAME)";
				SWIFT_VERSION = 3.0;
			};
			name = Release;
		};
/* End XCBuildConfiguration section */

/* Begin XCConfigurationList section */
		8B1EFE2E1E917138008FBC08 /* Build configuration list for PBXProject "Molad" */ = {
			isa = XCConfigurationList;
			buildConfigurations = (
				8B1EFE431E917138008FBC08 /* Debug */,
				8B1EFE441E917138008FBC08 /* Release */,
			);
			defaultConfigurationIsVisible = 0;
			defaultConfigurationName = Release;
		};
		8B1EFE451E917138008FBC08 /* Build configuration list for PBXNativeTarget "Molad" */ = {
			isa = XCConfigurationList;
			buildConfigurations = (
				8B1EFE461E917138008FBC08 /* Debug */,
				8B1EFE471E917138008FBC08 /* Release */,
			);
			defaultConfigurationIsVisible = 0;
			defaultConfigurationName = Release;
		};
/* End XCConfigurationList section */
	};
	rootObject = 8B1EFE2B1E917138008FBC08 /* Project object */;
}
